// !$*UTF8*$!
{
	archiveVersion = 1;
	classes = {
	};
	objectVersion = 46;
	objects = {

/* Begin PBXBuildFile section */
		344C76F41AAA5EFA00E2F205 /* main.m in Sources */ = {isa = PBXBuildFile; fileRef = 344C76F31AAA5EFA00E2F205 /* main.m */; };
		344C76F71AAA5EFB00E2F205 /* AppDelegate.m in Sources */ = {isa = PBXBuildFile; fileRef = 344C76F61AAA5EFB00E2F205 /* AppDelegate.m */; };
		344C76FA1AAA5EFB00E2F205 /* NowViewController.m in Sources */ = {isa = PBXBuildFile; fileRef = 344C76F91AAA5EFB00E2F205 /* NowViewController.m */; };
		344C76FD1AAA5EFB00E2F205 /* PlanViewController.m in Sources */ = {isa = PBXBuildFile; fileRef = 344C76FC1AAA5EFB00E2F205 /* PlanViewController.m */; };
		344C77021AAA5EFB00E2F205 /* Images.xcassets in Resources */ = {isa = PBXBuildFile; fileRef = 344C77011AAA5EFB00E2F205 /* Images.xcassets */; };
		344C77051AAA5EFB00E2F205 /* LaunchScreen.xib in Resources */ = {isa = PBXBuildFile; fileRef = 344C77031AAA5EFB00E2F205 /* LaunchScreen.xib */; };
		344C77111AAA5EFB00E2F205 /* GetMeUTATests.m in Sources */ = {isa = PBXBuildFile; fileRef = 344C77101AAA5EFB00E2F205 /* GetMeUTATests.m */; };
		DAB11DA51AB20A5E00B7F0FF /* NSObject+UIColor.m in Sources */ = {isa = PBXBuildFile; fileRef = DAB11DA41AB20A5E00B7F0FF /* NSObject+UIColor.m */; };
		DAB11DA81AB220F000B7F0FF /* ButtonController.m in Sources */ = {isa = PBXBuildFile; fileRef = DAB11DA71AB220F000B7F0FF /* ButtonController.m */; };
		DAB11DAB1AB220FC00B7F0FF /* Button.m in Sources */ = {isa = PBXBuildFile; fileRef = DAB11DAA1AB220FC00B7F0FF /* Button.m */; };
		FC7034AA1AB54FBC00B19AC0 /* Stop.m in Sources */ = {isa = PBXBuildFile; fileRef = FC7034A91AB54FBC00B19AC0 /* Stop.m */; };
		FC7034AD1AB54FCD00B19AC0 /* StopController.m in Sources */ = {isa = PBXBuildFile; fileRef = FC7034AC1AB54FCD00B19AC0 /* StopController.m */; };
		FC7034AF1AB551D400B19AC0 /* Parse.framework in Frameworks */ = {isa = PBXBuildFile; fileRef = FC7034AE1AB551D400B19AC0 /* Parse.framework */; };
		FC7034B11AB551DB00B19AC0 /* Bolts.framework in Frameworks */ = {isa = PBXBuildFile; fileRef = FC7034B01AB551DB00B19AC0 /* Bolts.framework */; };
		FC7034B31AB5520600B19AC0 /* AudioToolbox.framework in Frameworks */ = {isa = PBXBuildFile; fileRef = FC7034B21AB5520600B19AC0 /* AudioToolbox.framework */; };
		FC7034B51AB5520D00B19AC0 /* CFNetwork.framework in Frameworks */ = {isa = PBXBuildFile; fileRef = FC7034B41AB5520D00B19AC0 /* CFNetwork.framework */; };
		FC7034B71AB5521700B19AC0 /* CoreGraphics.framework in Frameworks */ = {isa = PBXBuildFile; fileRef = FC7034B61AB5521700B19AC0 /* CoreGraphics.framework */; };
		FC7034B91AB5521D00B19AC0 /* CoreLocation.framework in Frameworks */ = {isa = PBXBuildFile; fileRef = FC7034B81AB5521D00B19AC0 /* CoreLocation.framework */; };
		FC7034BB1AB5522500B19AC0 /* MobileCoreServices.framework in Frameworks */ = {isa = PBXBuildFile; fileRef = FC7034BA1AB5522500B19AC0 /* MobileCoreServices.framework */; };
		FC7034BD1AB5522E00B19AC0 /* QuartzCore.framework in Frameworks */ = {isa = PBXBuildFile; fileRef = FC7034BC1AB5522E00B19AC0 /* QuartzCore.framework */; };
		FC7034BF1AB5523500B19AC0 /* Security.framework in Frameworks */ = {isa = PBXBuildFile; fileRef = FC7034BE1AB5523500B19AC0 /* Security.framework */; };
		FC7034C11AB5523B00B19AC0 /* StoreKit.framework in Frameworks */ = {isa = PBXBuildFile; fileRef = FC7034C01AB5523B00B19AC0 /* StoreKit.framework */; };
		FC7034C31AB5524400B19AC0 /* SystemConfiguration.framework in Frameworks */ = {isa = PBXBuildFile; fileRef = FC7034C21AB5524400B19AC0 /* SystemConfiguration.framework */; };
		FC7034C51AB5524D00B19AC0 /* libz.dylib in Frameworks */ = {isa = PBXBuildFile; fileRef = FC7034C41AB5524D00B19AC0 /* libz.dylib */; };
		FC7034C71AB5525A00B19AC0 /* libsqlite3.dylib in Frameworks */ = {isa = PBXBuildFile; fileRef = FC7034C61AB5525A00B19AC0 /* libsqlite3.dylib */; };
		FC737BE61AAA6A7400B12FC7 /* SettingsViewController.m in Sources */ = {isa = PBXBuildFile; fileRef = FC737BE51AAA6A7400B12FC7 /* SettingsViewController.m */; };
		FC737BE91AAA6AD600B12FC7 /* JourneyViewController.m in Sources */ = {isa = PBXBuildFile; fileRef = FC737BE81AAA6AD600B12FC7 /* JourneyViewController.m */; };
		FC737BEC1AAA6AE300B12FC7 /* ResultsViewController.m in Sources */ = {isa = PBXBuildFile; fileRef = FC737BEB1AAA6AE300B12FC7 /* ResultsViewController.m */; };
/* End PBXBuildFile section */

/* Begin PBXContainerItemProxy section */
		344C770B1AAA5EFB00E2F205 /* PBXContainerItemProxy */ = {
			isa = PBXContainerItemProxy;
			containerPortal = 344C76E61AAA5EFA00E2F205 /* Project object */;
			proxyType = 1;
			remoteGlobalIDString = 344C76ED1AAA5EFA00E2F205;
			remoteInfo = GetMeUTA;
		};
/* End PBXContainerItemProxy section */

/* Begin PBXFileReference section */
		344C76EE1AAA5EFA00E2F205 /* GetMeUTA.app */ = {isa = PBXFileReference; explicitFileType = wrapper.application; includeInIndex = 0; path = GetMeUTA.app; sourceTree = BUILT_PRODUCTS_DIR; };
		344C76F21AAA5EFA00E2F205 /* Info.plist */ = {isa = PBXFileReference; lastKnownFileType = text.plist.xml; path = Info.plist; sourceTree = "<group>"; };
		344C76F31AAA5EFA00E2F205 /* main.m */ = {isa = PBXFileReference; lastKnownFileType = sourcecode.c.objc; path = main.m; sourceTree = "<group>"; };
		344C76F51AAA5EFA00E2F205 /* AppDelegate.h */ = {isa = PBXFileReference; lastKnownFileType = sourcecode.c.h; path = AppDelegate.h; sourceTree = "<group>"; };
		344C76F61AAA5EFB00E2F205 /* AppDelegate.m */ = {isa = PBXFileReference; lastKnownFileType = sourcecode.c.objc; path = AppDelegate.m; sourceTree = "<group>"; };
		344C76F81AAA5EFB00E2F205 /* NowViewController.h */ = {isa = PBXFileReference; lastKnownFileType = sourcecode.c.h; path = NowViewController.h; sourceTree = "<group>"; };
		344C76F91AAA5EFB00E2F205 /* NowViewController.m */ = {isa = PBXFileReference; lastKnownFileType = sourcecode.c.objc; path = NowViewController.m; sourceTree = "<group>"; };
		344C76FB1AAA5EFB00E2F205 /* PlanViewController.h */ = {isa = PBXFileReference; lastKnownFileType = sourcecode.c.h; path = PlanViewController.h; sourceTree = "<group>"; };
		344C76FC1AAA5EFB00E2F205 /* PlanViewController.m */ = {isa = PBXFileReference; lastKnownFileType = sourcecode.c.objc; path = PlanViewController.m; sourceTree = "<group>"; };
		344C77011AAA5EFB00E2F205 /* Images.xcassets */ = {isa = PBXFileReference; lastKnownFileType = folder.assetcatalog; path = Images.xcassets; sourceTree = "<group>"; };
		344C77041AAA5EFB00E2F205 /* Base */ = {isa = PBXFileReference; lastKnownFileType = file.xib; name = Base; path = Base.lproj/LaunchScreen.xib; sourceTree = "<group>"; };
		344C770A1AAA5EFB00E2F205 /* GetMeUTATests.xctest */ = {isa = PBXFileReference; explicitFileType = wrapper.cfbundle; includeInIndex = 0; path = GetMeUTATests.xctest; sourceTree = BUILT_PRODUCTS_DIR; };
		344C770F1AAA5EFB00E2F205 /* Info.plist */ = {isa = PBXFileReference; lastKnownFileType = text.plist.xml; path = Info.plist; sourceTree = "<group>"; };
		344C77101AAA5EFB00E2F205 /* GetMeUTATests.m */ = {isa = PBXFileReference; lastKnownFileType = sourcecode.c.objc; path = GetMeUTATests.m; sourceTree = "<group>"; };
		DAB11DA31AB20A5E00B7F0FF /* NSObject+UIColor.h */ = {isa = PBXFileReference; fileEncoding = 4; lastKnownFileType = sourcecode.c.h; path = "NSObject+UIColor.h"; sourceTree = "<group>"; };
		DAB11DA41AB20A5E00B7F0FF /* NSObject+UIColor.m */ = {isa = PBXFileReference; fileEncoding = 4; lastKnownFileType = sourcecode.c.objc; path = "NSObject+UIColor.m"; sourceTree = "<group>"; };
		DAB11DA61AB220F000B7F0FF /* ButtonController.h */ = {isa = PBXFileReference; fileEncoding = 4; lastKnownFileType = sourcecode.c.h; path = ButtonController.h; sourceTree = "<group>"; };
		DAB11DA71AB220F000B7F0FF /* ButtonController.m */ = {isa = PBXFileReference; fileEncoding = 4; lastKnownFileType = sourcecode.c.objc; path = ButtonController.m; sourceTree = "<group>"; };
		DAB11DA91AB220FC00B7F0FF /* Button.h */ = {isa = PBXFileReference; fileEncoding = 4; lastKnownFileType = sourcecode.c.h; path = Button.h; sourceTree = "<group>"; };
		DAB11DAA1AB220FC00B7F0FF /* Button.m */ = {isa = PBXFileReference; fileEncoding = 4; lastKnownFileType = sourcecode.c.objc; path = Button.m; sourceTree = "<group>"; };
		FC7034A81AB54FBC00B19AC0 /* Stop.h */ = {isa = PBXFileReference; fileEncoding = 4; lastKnownFileType = sourcecode.c.h; path = Stop.h; sourceTree = "<group>"; };
		FC7034A91AB54FBC00B19AC0 /* Stop.m */ = {isa = PBXFileReference; fileEncoding = 4; lastKnownFileType = sourcecode.c.objc; path = Stop.m; sourceTree = "<group>"; };
		FC7034AB1AB54FCD00B19AC0 /* StopController.h */ = {isa = PBXFileReference; fileEncoding = 4; lastKnownFileType = sourcecode.c.h; path = StopController.h; sourceTree = "<group>"; };
		FC7034AC1AB54FCD00B19AC0 /* StopController.m */ = {isa = PBXFileReference; fileEncoding = 4; lastKnownFileType = sourcecode.c.objc; path = StopController.m; sourceTree = "<group>"; };
		FC7034AE1AB551D400B19AC0 /* Parse.framework */ = {isa = PBXFileReference; lastKnownFileType = wrapper.framework; name = Parse.framework; path = ../Parse.framework; sourceTree = "<group>"; };
		FC7034B01AB551DB00B19AC0 /* Bolts.framework */ = {isa = PBXFileReference; lastKnownFileType = wrapper.framework; name = Bolts.framework; path = ../Bolts.framework; sourceTree = "<group>"; };
		FC7034B21AB5520600B19AC0 /* AudioToolbox.framework */ = {isa = PBXFileReference; lastKnownFileType = wrapper.framework; name = AudioToolbox.framework; path = System/Library/Frameworks/AudioToolbox.framework; sourceTree = SDKROOT; };
		FC7034B41AB5520D00B19AC0 /* CFNetwork.framework */ = {isa = PBXFileReference; lastKnownFileType = wrapper.framework; name = CFNetwork.framework; path = System/Library/Frameworks/CFNetwork.framework; sourceTree = SDKROOT; };
		FC7034B61AB5521700B19AC0 /* CoreGraphics.framework */ = {isa = PBXFileReference; lastKnownFileType = wrapper.framework; name = CoreGraphics.framework; path = System/Library/Frameworks/CoreGraphics.framework; sourceTree = SDKROOT; };
		FC7034B81AB5521D00B19AC0 /* CoreLocation.framework */ = {isa = PBXFileReference; lastKnownFileType = wrapper.framework; name = CoreLocation.framework; path = System/Library/Frameworks/CoreLocation.framework; sourceTree = SDKROOT; };
		FC7034BA1AB5522500B19AC0 /* MobileCoreServices.framework */ = {isa = PBXFileReference; lastKnownFileType = wrapper.framework; name = MobileCoreServices.framework; path = System/Library/Frameworks/MobileCoreServices.framework; sourceTree = SDKROOT; };
		FC7034BC1AB5522E00B19AC0 /* QuartzCore.framework */ = {isa = PBXFileReference; lastKnownFileType = wrapper.framework; name = QuartzCore.framework; path = System/Library/Frameworks/QuartzCore.framework; sourceTree = SDKROOT; };
		FC7034BE1AB5523500B19AC0 /* Security.framework */ = {isa = PBXFileReference; lastKnownFileType = wrapper.framework; name = Security.framework; path = System/Library/Frameworks/Security.framework; sourceTree = SDKROOT; };
		FC7034C01AB5523B00B19AC0 /* StoreKit.framework */ = {isa = PBXFileReference; lastKnownFileType = wrapper.framework; name = StoreKit.framework; path = System/Library/Frameworks/StoreKit.framework; sourceTree = SDKROOT; };
		FC7034C21AB5524400B19AC0 /* SystemConfiguration.framework */ = {isa = PBXFileReference; lastKnownFileType = wrapper.framework; name = SystemConfiguration.framework; path = System/Library/Frameworks/SystemConfiguration.framework; sourceTree = SDKROOT; };
		FC7034C41AB5524D00B19AC0 /* libz.dylib */ = {isa = PBXFileReference; lastKnownFileType = "compiled.mach-o.dylib"; name = libz.dylib; path = usr/lib/libz.dylib; sourceTree = SDKROOT; };
		FC7034C61AB5525A00B19AC0 /* libsqlite3.dylib */ = {isa = PBXFileReference; lastKnownFileType = "compiled.mach-o.dylib"; name = libsqlite3.dylib; path = usr/lib/libsqlite3.dylib; sourceTree = SDKROOT; };
		FC737BE41AAA6A7400B12FC7 /* SettingsViewController.h */ = {isa = PBXFileReference; fileEncoding = 4; lastKnownFileType = sourcecode.c.h; path = SettingsViewController.h; sourceTree = "<group>"; };
		FC737BE51AAA6A7400B12FC7 /* SettingsViewController.m */ = {isa = PBXFileReference; fileEncoding = 4; lastKnownFileType = sourcecode.c.objc; path = SettingsViewController.m; sourceTree = "<group>"; };
		FC737BE71AAA6AD600B12FC7 /* JourneyViewController.h */ = {isa = PBXFileReference; fileEncoding = 4; lastKnownFileType = sourcecode.c.h; path = JourneyViewController.h; sourceTree = "<group>"; };
		FC737BE81AAA6AD600B12FC7 /* JourneyViewController.m */ = {isa = PBXFileReference; fileEncoding = 4; lastKnownFileType = sourcecode.c.objc; path = JourneyViewController.m; sourceTree = "<group>"; };
		FC737BEA1AAA6AE300B12FC7 /* ResultsViewController.h */ = {isa = PBXFileReference; fileEncoding = 4; lastKnownFileType = sourcecode.c.h; path = ResultsViewController.h; sourceTree = "<group>"; };
		FC737BEB1AAA6AE300B12FC7 /* ResultsViewController.m */ = {isa = PBXFileReference; fileEncoding = 4; lastKnownFileType = sourcecode.c.objc; path = ResultsViewController.m; sourceTree = "<group>"; };
/* End PBXFileReference section */

/* Begin PBXFrameworksBuildPhase section */
		344C76EB1AAA5EFA00E2F205 /* Frameworks */ = {
			isa = PBXFrameworksBuildPhase;
			buildActionMask = 2147483647;
			files = (
				FC7034C71AB5525A00B19AC0 /* libsqlite3.dylib in Frameworks */,
				FC7034C51AB5524D00B19AC0 /* libz.dylib in Frameworks */,
				FC7034C31AB5524400B19AC0 /* SystemConfiguration.framework in Frameworks */,
				FC7034C11AB5523B00B19AC0 /* StoreKit.framework in Frameworks */,
				FC7034BF1AB5523500B19AC0 /* Security.framework in Frameworks */,
				FC7034BD1AB5522E00B19AC0 /* QuartzCore.framework in Frameworks */,
				FC7034BB1AB5522500B19AC0 /* MobileCoreServices.framework in Frameworks */,
				FC7034B91AB5521D00B19AC0 /* CoreLocation.framework in Frameworks */,
				FC7034B71AB5521700B19AC0 /* CoreGraphics.framework in Frameworks */,
				FC7034B51AB5520D00B19AC0 /* CFNetwork.framework in Frameworks */,
				FC7034B31AB5520600B19AC0 /* AudioToolbox.framework in Frameworks */,
				FC7034AF1AB551D400B19AC0 /* Parse.framework in Frameworks */,
				FC7034B11AB551DB00B19AC0 /* Bolts.framework in Frameworks */,
			);
			runOnlyForDeploymentPostprocessing = 0;
		};
		344C77071AAA5EFB00E2F205 /* Frameworks */ = {
			isa = PBXFrameworksBuildPhase;
			buildActionMask = 2147483647;
			files = (
			);
			runOnlyForDeploymentPostprocessing = 0;
		};
/* End PBXFrameworksBuildPhase section */

/* Begin PBXGroup section */
		344C76E51AAA5EFA00E2F205 = {
			isa = PBXGroup;
			children = (
				344C76F01AAA5EFA00E2F205 /* GetMeUTA */,
				344C770D1AAA5EFB00E2F205 /* GetMeUTATests */,
				344C76EF1AAA5EFA00E2F205 /* Products */,
			);
			sourceTree = "<group>";
		};
		344C76EF1AAA5EFA00E2F205 /* Products */ = {
			isa = PBXGroup;
			children = (
				344C76EE1AAA5EFA00E2F205 /* GetMeUTA.app */,
				344C770A1AAA5EFB00E2F205 /* GetMeUTATests.xctest */,
			);
			name = Products;
			sourceTree = "<group>";
		};
		344C76F01AAA5EFA00E2F205 /* GetMeUTA */ = {
			isa = PBXGroup;
			children = (
				344C76F51AAA5EFA00E2F205 /* AppDelegate.h */,
				344C76F61AAA5EFB00E2F205 /* AppDelegate.m */,
				DAB11DAC1AB2210400B7F0FF /* Defults */,
				FC7034AB1AB54FCD00B19AC0 /* StopController.h */,
				FC7034AC1AB54FCD00B19AC0 /* StopController.m */,
				FC7034A81AB54FBC00B19AC0 /* Stop.h */,
				FC7034A91AB54FBC00B19AC0 /* Stop.m */,
				FC737BED1AAA6B5C00B12FC7 /* ViewControllers */,
				344C77011AAA5EFB00E2F205 /* Images.xcassets */,
				344C77031AAA5EFB00E2F205 /* LaunchScreen.xib */,
				344C76F11AAA5EFA00E2F205 /* Supporting Files */,
			);
			path = GetMeUTA;
			sourceTree = "<group>";
		};
		344C76F11AAA5EFA00E2F205 /* Supporting Files */ = {
			isa = PBXGroup;
			children = (
				FC7034C61AB5525A00B19AC0 /* libsqlite3.dylib */,
				FC7034C41AB5524D00B19AC0 /* libz.dylib */,
				FC7034C21AB5524400B19AC0 /* SystemConfiguration.framework */,
				FC7034C01AB5523B00B19AC0 /* StoreKit.framework */,
				FC7034BE1AB5523500B19AC0 /* Security.framework */,
				FC7034BC1AB5522E00B19AC0 /* QuartzCore.framework */,
				FC7034BA1AB5522500B19AC0 /* MobileCoreServices.framework */,
				FC7034B81AB5521D00B19AC0 /* CoreLocation.framework */,
				FC7034B61AB5521700B19AC0 /* CoreGraphics.framework */,
				FC7034B41AB5520D00B19AC0 /* CFNetwork.framework */,
				FC7034B21AB5520600B19AC0 /* AudioToolbox.framework */,
				FC7034B01AB551DB00B19AC0 /* Bolts.framework */,
				FC7034AE1AB551D400B19AC0 /* Parse.framework */,
				344C76F21AAA5EFA00E2F205 /* Info.plist */,
				344C76F31AAA5EFA00E2F205 /* main.m */,
			);
			name = "Supporting Files";
			sourceTree = "<group>";
		};
		344C770D1AAA5EFB00E2F205 /* GetMeUTATests */ = {
			isa = PBXGroup;
			children = (
				344C77101AAA5EFB00E2F205 /* GetMeUTATests.m */,
				344C770E1AAA5EFB00E2F205 /* Supporting Files */,
			);
			path = GetMeUTATests;
			sourceTree = "<group>";
		};
		344C770E1AAA5EFB00E2F205 /* Supporting Files */ = {
			isa = PBXGroup;
			children = (
				344C770F1AAA5EFB00E2F205 /* Info.plist */,
			);
			name = "Supporting Files";
			sourceTree = "<group>";
		};
		DAB11DAC1AB2210400B7F0FF /* Defults */ = {
			isa = PBXGroup;
			children = (
				DAB11DA61AB220F000B7F0FF /* ButtonController.h */,
				DAB11DA71AB220F000B7F0FF /* ButtonController.m */,
				DAB11DA91AB220FC00B7F0FF /* Button.h */,
				DAB11DAA1AB220FC00B7F0FF /* Button.m */,
			);
			name = Defults;
			sourceTree = "<group>";
		};
		FC737BED1AAA6B5C00B12FC7 /* ViewControllers */ = {
			isa = PBXGroup;
			children = (
				344C76F81AAA5EFB00E2F205 /* NowViewController.h */,
				344C76F91AAA5EFB00E2F205 /* NowViewController.m */,
				DAB11DA31AB20A5E00B7F0FF /* NSObject+UIColor.h */,
				DAB11DA41AB20A5E00B7F0FF /* NSObject+UIColor.m */,
				344C76FB1AAA5EFB00E2F205 /* PlanViewController.h */,
				344C76FC1AAA5EFB00E2F205 /* PlanViewController.m */,
				FC737BE41AAA6A7400B12FC7 /* SettingsViewController.h */,
				FC737BE51AAA6A7400B12FC7 /* SettingsViewController.m */,
				FC737BE71AAA6AD600B12FC7 /* JourneyViewController.h */,
				FC737BE81AAA6AD600B12FC7 /* JourneyViewController.m */,
				FC737BEA1AAA6AE300B12FC7 /* ResultsViewController.h */,
				FC737BEB1AAA6AE300B12FC7 /* ResultsViewController.m */,
			);
			name = ViewControllers;
			sourceTree = "<group>";
		};
/* End PBXGroup section */

/* Begin PBXNativeTarget section */
		344C76ED1AAA5EFA00E2F205 /* GetMeUTA */ = {
			isa = PBXNativeTarget;
			buildConfigurationList = 344C77141AAA5EFB00E2F205 /* Build configuration list for PBXNativeTarget "GetMeUTA" */;
			buildPhases = (
				344C76EA1AAA5EFA00E2F205 /* Sources */,
				344C76EB1AAA5EFA00E2F205 /* Frameworks */,
				344C76EC1AAA5EFA00E2F205 /* Resources */,
			);
			buildRules = (
			);
			dependencies = (
			);
			name = GetMeUTA;
			productName = GetMeUTA;
			productReference = 344C76EE1AAA5EFA00E2F205 /* GetMeUTA.app */;
			productType = "com.apple.product-type.application";
		};
		344C77091AAA5EFB00E2F205 /* GetMeUTATests */ = {
			isa = PBXNativeTarget;
			buildConfigurationList = 344C77171AAA5EFB00E2F205 /* Build configuration list for PBXNativeTarget "GetMeUTATests" */;
			buildPhases = (
				344C77061AAA5EFB00E2F205 /* Sources */,
				344C77071AAA5EFB00E2F205 /* Frameworks */,
				344C77081AAA5EFB00E2F205 /* Resources */,
			);
			buildRules = (
			);
			dependencies = (
				344C770C1AAA5EFB00E2F205 /* PBXTargetDependency */,
			);
			name = GetMeUTATests;
			productName = GetMeUTATests;
			productReference = 344C770A1AAA5EFB00E2F205 /* GetMeUTATests.xctest */;
			productType = "com.apple.product-type.bundle.unit-test";
		};
/* End PBXNativeTarget section */

/* Begin PBXProject section */
		344C76E61AAA5EFA00E2F205 /* Project object */ = {
			isa = PBXProject;
			attributes = {
				LastUpgradeCheck = 0610;
				ORGANIZATIONNAME = "Shelley-Guanzon-Henrie-Mott";
				TargetAttributes = {
					344C76ED1AAA5EFA00E2F205 = {
						CreatedOnToolsVersion = 6.1.1;
						DevelopmentTeam = LHF96LH65T;
					};
					344C77091AAA5EFB00E2F205 = {
						CreatedOnToolsVersion = 6.1.1;
						TestTargetID = 344C76ED1AAA5EFA00E2F205;
					};
				};
			};
			buildConfigurationList = 344C76E91AAA5EFA00E2F205 /* Build configuration list for PBXProject "GetMeUTA" */;
			compatibilityVersion = "Xcode 3.2";
			developmentRegion = English;
			hasScannedForEncodings = 0;
			knownRegions = (
				en,
				Base,
			);
			mainGroup = 344C76E51AAA5EFA00E2F205;
			productRefGroup = 344C76EF1AAA5EFA00E2F205 /* Products */;
			projectDirPath = "";
			projectRoot = "";
			targets = (
				344C76ED1AAA5EFA00E2F205 /* GetMeUTA */,
				344C77091AAA5EFB00E2F205 /* GetMeUTATests */,
			);
		};
/* End PBXProject section */

/* Begin PBXResourcesBuildPhase section */
		344C76EC1AAA5EFA00E2F205 /* Resources */ = {
			isa = PBXResourcesBuildPhase;
			buildActionMask = 2147483647;
			files = (
				344C77051AAA5EFB00E2F205 /* LaunchScreen.xib in Resources */,
				344C77021AAA5EFB00E2F205 /* Images.xcassets in Resources */,
			);
			runOnlyForDeploymentPostprocessing = 0;
		};
		344C77081AAA5EFB00E2F205 /* Resources */ = {
			isa = PBXResourcesBuildPhase;
			buildActionMask = 2147483647;
			files = (
			);
			runOnlyForDeploymentPostprocessing = 0;
		};
/* End PBXResourcesBuildPhase section */

/* Begin PBXSourcesBuildPhase section */
		344C76EA1AAA5EFA00E2F205 /* Sources */ = {
			isa = PBXSourcesBuildPhase;
			buildActionMask = 2147483647;
			files = (
				344C76FD1AAA5EFB00E2F205 /* PlanViewController.m in Sources */,
				FC737BEC1AAA6AE300B12FC7 /* ResultsViewController.m in Sources */,
				344C76F71AAA5EFB00E2F205 /* AppDelegate.m in Sources */,
				FC737BE61AAA6A7400B12FC7 /* SettingsViewController.m in Sources */,
				344C76FA1AAA5EFB00E2F205 /* NowViewController.m in Sources */,
				DAB11DA51AB20A5E00B7F0FF /* NSObject+UIColor.m in Sources */,
				344C76F41AAA5EFA00E2F205 /* main.m in Sources */,
				DAB11DAB1AB220FC00B7F0FF /* Button.m in Sources */,
				FC737BE91AAA6AD600B12FC7 /* JourneyViewController.m in Sources */,
				DAB11DA81AB220F000B7F0FF /* ButtonController.m in Sources */,
				FC7034AD1AB54FCD00B19AC0 /* StopController.m in Sources */,
				FC7034AA1AB54FBC00B19AC0 /* Stop.m in Sources */,
			);
			runOnlyForDeploymentPostprocessing = 0;
		};
		344C77061AAA5EFB00E2F205 /* Sources */ = {
			isa = PBXSourcesBuildPhase;
			buildActionMask = 2147483647;
			files = (
				344C77111AAA5EFB00E2F205 /* GetMeUTATests.m in Sources */,
			);
			runOnlyForDeploymentPostprocessing = 0;
		};
/* End PBXSourcesBuildPhase section */

/* Begin PBXTargetDependency section */
		344C770C1AAA5EFB00E2F205 /* PBXTargetDependency */ = {
			isa = PBXTargetDependency;
			target = 344C76ED1AAA5EFA00E2F205 /* GetMeUTA */;
			targetProxy = 344C770B1AAA5EFB00E2F205 /* PBXContainerItemProxy */;
		};
/* End PBXTargetDependency section */

/* Begin PBXVariantGroup section */
		344C77031AAA5EFB00E2F205 /* LaunchScreen.xib */ = {
			isa = PBXVariantGroup;
			children = (
				344C77041AAA5EFB00E2F205 /* Base */,
			);
			name = LaunchScreen.xib;
			sourceTree = "<group>";
		};
/* End PBXVariantGroup section */

/* Begin XCBuildConfiguration section */
		344C77121AAA5EFB00E2F205 /* Debug */ = {
			isa = XCBuildConfiguration;
			buildSettings = {
				ALWAYS_SEARCH_USER_PATHS = NO;
				CLANG_CXX_LANGUAGE_STANDARD = "gnu++0x";
				CLANG_CXX_LIBRARY = "libc++";
				CLANG_ENABLE_MODULES = YES;
				CLANG_ENABLE_OBJC_ARC = YES;
				CLANG_WARN_BOOL_CONVERSION = YES;
				CLANG_WARN_CONSTANT_CONVERSION = YES;
				CLANG_WARN_DIRECT_OBJC_ISA_USAGE = YES_ERROR;
				CLANG_WARN_EMPTY_BODY = YES;
				CLANG_WARN_ENUM_CONVERSION = YES;
				CLANG_WARN_INT_CONVERSION = YES;
				CLANG_WARN_OBJC_ROOT_CLASS = YES_ERROR;
				CLANG_WARN_UNREACHABLE_CODE = YES;
				CLANG_WARN__DUPLICATE_METHOD_MATCH = YES;
				"CODE_SIGN_IDENTITY[sdk=iphoneos*]" = "iPhone Developer";
				COPY_PHASE_STRIP = NO;
				ENABLE_STRICT_OBJC_MSGSEND = YES;
				GCC_C_LANGUAGE_STANDARD = gnu99;
				GCC_DYNAMIC_NO_PIC = NO;
				GCC_OPTIMIZATION_LEVEL = 0;
				GCC_PREPROCESSOR_DEFINITIONS = (
					"DEBUG=1",
					"$(inherited)",
				);
				GCC_SYMBOLS_PRIVATE_EXTERN = NO;
				GCC_WARN_64_TO_32_BIT_CONVERSION = YES;
				GCC_WARN_ABOUT_RETURN_TYPE = YES_ERROR;
				GCC_WARN_UNDECLARED_SELECTOR = YES;
				GCC_WARN_UNINITIALIZED_AUTOS = YES_AGGRESSIVE;
				GCC_WARN_UNUSED_FUNCTION = YES;
				GCC_WARN_UNUSED_VARIABLE = YES;
				IPHONEOS_DEPLOYMENT_TARGET = 8.1;
				MTL_ENABLE_DEBUG_INFO = YES;
				ONLY_ACTIVE_ARCH = YES;
				SDKROOT = iphoneos;
			};
			name = Debug;
		};
		344C77131AAA5EFB00E2F205 /* Release */ = {
			isa = XCBuildConfiguration;
			buildSettings = {
				ALWAYS_SEARCH_USER_PATHS = NO;
				CLANG_CXX_LANGUAGE_STANDARD = "gnu++0x";
				CLANG_CXX_LIBRARY = "libc++";
				CLANG_ENABLE_MODULES = YES;
				CLANG_ENABLE_OBJC_ARC = YES;
				CLANG_WARN_BOOL_CONVERSION = YES;
				CLANG_WARN_CONSTANT_CONVERSION = YES;
				CLANG_WARN_DIRECT_OBJC_ISA_USAGE = YES_ERROR;
				CLANG_WARN_EMPTY_BODY = YES;
				CLANG_WARN_ENUM_CONVERSION = YES;
				CLANG_WARN_INT_CONVERSION = YES;
				CLANG_WARN_OBJC_ROOT_CLASS = YES_ERROR;
				CLANG_WARN_UNREACHABLE_CODE = YES;
				CLANG_WARN__DUPLICATE_METHOD_MATCH = YES;
				"CODE_SIGN_IDENTITY[sdk=iphoneos*]" = "iPhone Developer";
				COPY_PHASE_STRIP = YES;
				ENABLE_NS_ASSERTIONS = NO;
				ENABLE_STRICT_OBJC_MSGSEND = YES;
				GCC_C_LANGUAGE_STANDARD = gnu99;
				GCC_WARN_64_TO_32_BIT_CONVERSION = YES;
				GCC_WARN_ABOUT_RETURN_TYPE = YES_ERROR;
				GCC_WARN_UNDECLARED_SELECTOR = YES;
				GCC_WARN_UNINITIALIZED_AUTOS = YES_AGGRESSIVE;
				GCC_WARN_UNUSED_FUNCTION = YES;
				GCC_WARN_UNUSED_VARIABLE = YES;
				IPHONEOS_DEPLOYMENT_TARGET = 8.1;
				MTL_ENABLE_DEBUG_INFO = NO;
				SDKROOT = iphoneos;
				VALIDATE_PRODUCT = YES;
			};
			name = Release;
		};
		344C77151AAA5EFB00E2F205 /* Debug */ = {
			isa = XCBuildConfiguration;
			buildSettings = {
				ASSETCATALOG_COMPILER_APPICON_NAME = AppIcon;
				CODE_SIGN_IDENTITY = "iPhone Developer";
				"CODE_SIGN_IDENTITY[sdk=iphoneos*]" = "iPhone Developer";
				FRAMEWORK_SEARCH_PATHS = (
					"$(inherited)",
					"$(PROJECT_DIR)",
				);
				INFOPLIST_FILE = GetMeUTA/Info.plist;
				LD_RUNPATH_SEARCH_PATHS = "$(inherited) @executable_path/Frameworks";
				PRODUCT_NAME = "$(TARGET_NAME)";
				PROVISIONING_PROFILE = "";
			};
			name = Debug;
		};
		344C77161AAA5EFB00E2F205 /* Release */ = {
			isa = XCBuildConfiguration;
			buildSettings = {
				ASSETCATALOG_COMPILER_APPICON_NAME = AppIcon;
				CODE_SIGN_IDENTITY = "iPhone Developer";
				"CODE_SIGN_IDENTITY[sdk=iphoneos*]" = "iPhone Developer";
				FRAMEWORK_SEARCH_PATHS = (
					"$(inherited)",
					"$(PROJECT_DIR)",
				);
				INFOPLIST_FILE = GetMeUTA/Info.plist;
				LD_RUNPATH_SEARCH_PATHS = "$(inherited) @executable_path/Frameworks";
				PRODUCT_NAME = "$(TARGET_NAME)";
				PROVISIONING_PROFILE = "";
			};
			name = Release;
		};
		344C77181AAA5EFB00E2F205 /* Debug */ = {
			isa = XCBuildConfiguration;
			buildSettings = {
				BUNDLE_LOADER = "$(TEST_HOST)";
				FRAMEWORK_SEARCH_PATHS = (
					"$(SDKROOT)/Developer/Library/Frameworks",
					"$(inherited)",
				);
				GCC_PREPROCESSOR_DEFINITIONS = (
					"DEBUG=1",
					"$(inherited)",
				);
				INFOPLIST_FILE = GetMeUTATests/Info.plist;
				LD_RUNPATH_SEARCH_PATHS = "$(inherited) @executable_path/Frameworks @loader_path/Frameworks";
				PRODUCT_NAME = "$(TARGET_NAME)";
				TEST_HOST = "$(BUILT_PRODUCTS_DIR)/GetMeUTA.app/GetMeUTA";
			};
			name = Debug;
		};
		344C77191AAA5EFB00E2F205 /* Release */ = {
			isa = XCBuildConfiguration;
			buildSettings = {
				BUNDLE_LOADER = "$(TEST_HOST)";
				FRAMEWORK_SEARCH_PATHS = (
					"$(SDKROOT)/Developer/Library/Frameworks",
					"$(inherited)",
				);
				INFOPLIST_FILE = GetMeUTATests/Info.plist;
				LD_RUNPATH_SEARCH_PATHS = "$(inherited) @executable_path/Frameworks @loader_path/Frameworks";
				PRODUCT_NAME = "$(TARGET_NAME)";
				TEST_HOST = "$(BUILT_PRODUCTS_DIR)/GetMeUTA.app/GetMeUTA";
			};
			name = Release;
		};
/* End XCBuildConfiguration section */

/* Begin XCConfigurationList section */
		344C76E91AAA5EFA00E2F205 /* Build configuration list for PBXProject "GetMeUTA" */ = {
			isa = XCConfigurationList;
			buildConfigurations = (
				344C77121AAA5EFB00E2F205 /* Debug */,
				344C77131AAA5EFB00E2F205 /* Release */,
			);
			defaultConfigurationIsVisible = 0;
			defaultConfigurationName = Release;
		};
		344C77141AAA5EFB00E2F205 /* Build configuration list for PBXNativeTarget "GetMeUTA" */ = {
			isa = XCConfigurationList;
			buildConfigurations = (
				344C77151AAA5EFB00E2F205 /* Debug */,
				344C77161AAA5EFB00E2F205 /* Release */,
			);
			defaultConfigurationIsVisible = 0;
			defaultConfigurationName = Release;
		};
		344C77171AAA5EFB00E2F205 /* Build configuration list for PBXNativeTarget "GetMeUTATests" */ = {
			isa = XCConfigurationList;
			buildConfigurations = (
				344C77181AAA5EFB00E2F205 /* Debug */,
				344C77191AAA5EFB00E2F205 /* Release */,
			);
			defaultConfigurationIsVisible = 0;
			defaultConfigurationName = Release;
		};
/* End XCConfigurationList section */
	};
	rootObject = 344C76E61AAA5EFA00E2F205 /* Project object */;
}
