// !$*UTF8*$!
{
	archiveVersion = 1;
	classes = {
	};
	objectVersion = 46;
	objects = {

/* Begin PBXBuildFile section */
		344C76F41AAA5EFA00E2F205 /* main.m in Sources */ = {isa = PBXBuildFile; fileRef = 344C76F31AAA5EFA00E2F205 /* main.m */; };
		344C76F71AAA5EFB00E2F205 /* AppDelegate.m in Sources */ = {isa = PBXBuildFile; fileRef = 344C76F61AAA5EFB00E2F205 /* AppDelegate.m */; };
		344C76FA1AAA5EFB00E2F205 /* NowViewController.m in Sources */ = {isa = PBXBuildFile; fileRef = 344C76F91AAA5EFB00E2F205 /* NowViewController.m */; };
		344C76FD1AAA5EFB00E2F205 /* PlanViewController.m in Sources */ = {isa = PBXBuildFile; fileRef = 344C76FC1AAA5EFB00E2F205 /* PlanViewController.m */; };
		344C77001AAA5EFB00E2F205 /* Main.storyboard in Resources */ = {isa = PBXBuildFile; fileRef = 344C76FE1AAA5EFB00E2F205 /* Main.storyboard */; };
		344C77021AAA5EFB00E2F205 /* Images.xcassets in Resources */ = {isa = PBXBuildFile; fileRef = 344C77011AAA5EFB00E2F205 /* Images.xcassets */; };
		344C77051AAA5EFB00E2F205 /* LaunchScreen.xib in Resources */ = {isa = PBXBuildFile; fileRef = 344C77031AAA5EFB00E2F205 /* LaunchScreen.xib */; };
		344C77111AAA5EFB00E2F205 /* GetMeUTATests.m in Sources */ = {isa = PBXBuildFile; fileRef = 344C77101AAA5EFB00E2F205 /* GetMeUTATests.m */; };
		344C771C1AAB913600E2F205 /* CHCSVParser.m in Sources */ = {isa = PBXBuildFile; fileRef = 344C771B1AAB913600E2F205 /* CHCSVParser.m */; };
		3460FF101AACEADC002C22C1 /* Model.xcdatamodeld in Sources */ = {isa = PBXBuildFile; fileRef = 3460FF0E1AACEADC002C22C1 /* Model.xcdatamodeld */; };
		349604431AAD5B97001A1F77 /* LoadingViewController.m in Sources */ = {isa = PBXBuildFile; fileRef = 349604421AAD5B97001A1F77 /* LoadingViewController.m */; };
		349604491AAD60C5001A1F77 /* Stack.m in Sources */ = {isa = PBXBuildFile; fileRef = 349604481AAD60C5001A1F77 /* Stack.m */; };
		3496044B1AAD60EE001A1F77 /* CoreData.framework in Frameworks */ = {isa = PBXBuildFile; fileRef = 3496044A1AAD60EE001A1F77 /* CoreData.framework */; };
		349604661AAD6344001A1F77 /* StopController.m in Sources */ = {isa = PBXBuildFile; fileRef = 349604651AAD6344001A1F77 /* StopController.m */; };
		34FE1B031AAD6678009ADA54 /* Stop.m in Sources */ = {isa = PBXBuildFile; fileRef = 34FE1B021AAD6678009ADA54 /* Stop.m */; };
		34FE1B151AAD6E9E009ADA54 /* Calendar.m in Sources */ = {isa = PBXBuildFile; fileRef = 34FE1B141AAD6E9E009ADA54 /* Calendar.m */; };
		34FE1B181AAD6E9F009ADA54 /* StopTime.m in Sources */ = {isa = PBXBuildFile; fileRef = 34FE1B171AAD6E9F009ADA54 /* StopTime.m */; };
		34FE1B1B1AAD6E9F009ADA54 /* CalendarDate.m in Sources */ = {isa = PBXBuildFile; fileRef = 34FE1B1A1AAD6E9F009ADA54 /* CalendarDate.m */; };
		34FE1B1E1AAD6E9F009ADA54 /* Trip.m in Sources */ = {isa = PBXBuildFile; fileRef = 34FE1B1D1AAD6E9F009ADA54 /* Trip.m */; };
		34FE1B211AAD6E9F009ADA54 /* Route.m in Sources */ = {isa = PBXBuildFile; fileRef = 34FE1B201AAD6E9F009ADA54 /* Route.m */; };
		34FE1B231AADF62F009ADA54 /* stops.csv in Resources */ = {isa = PBXBuildFile; fileRef = 34FE1B221AADF62F009ADA54 /* stops.csv */; };
		34FE1B261AADF7A8009ADA54 /* routes.csv in Resources */ = {isa = PBXBuildFile; fileRef = 34FE1B251AADF7A8009ADA54 /* routes.csv */; };
		34FE1B291AADF808009ADA54 /* RouteController.m in Sources */ = {isa = PBXBuildFile; fileRef = 34FE1B281AADF808009ADA54 /* RouteController.m */; };
		34FE1B2C1AADF9F4009ADA54 /* TripController.m in Sources */ = {isa = PBXBuildFile; fileRef = 34FE1B2B1AADF9F4009ADA54 /* TripController.m */; };
		34FE1B2E1AAE0454009ADA54 /* trips.csv in Resources */ = {isa = PBXBuildFile; fileRef = 34FE1B2D1AAE0454009ADA54 /* trips.csv */; };
		FC737BE61AAA6A7400B12FC7 /* SettingsViewController.m in Sources */ = {isa = PBXBuildFile; fileRef = FC737BE51AAA6A7400B12FC7 /* SettingsViewController.m */; };
		FC737BE91AAA6AD600B12FC7 /* JourneyViewController.m in Sources */ = {isa = PBXBuildFile; fileRef = FC737BE81AAA6AD600B12FC7 /* JourneyViewController.m */; };
		FC737BEC1AAA6AE300B12FC7 /* ResultsViewController.m in Sources */ = {isa = PBXBuildFile; fileRef = FC737BEB1AAA6AE300B12FC7 /* ResultsViewController.m */; };
/* End PBXBuildFile section */

/* Begin PBXContainerItemProxy section */
		344C770B1AAA5EFB00E2F205 /* PBXContainerItemProxy */ = {
			isa = PBXContainerItemProxy;
			containerPortal = 344C76E61AAA5EFA00E2F205 /* Project object */;
			proxyType = 1;
			remoteGlobalIDString = 344C76ED1AAA5EFA00E2F205;
			remoteInfo = GetMeUTA;
		};
/* End PBXContainerItemProxy section */

/* Begin PBXFileReference section */
		344C76EE1AAA5EFA00E2F205 /* GetMeUTA.app */ = {isa = PBXFileReference; explicitFileType = wrapper.application; includeInIndex = 0; path = GetMeUTA.app; sourceTree = BUILT_PRODUCTS_DIR; };
		344C76F21AAA5EFA00E2F205 /* Info.plist */ = {isa = PBXFileReference; lastKnownFileType = text.plist.xml; path = Info.plist; sourceTree = "<group>"; };
		344C76F31AAA5EFA00E2F205 /* main.m */ = {isa = PBXFileReference; lastKnownFileType = sourcecode.c.objc; path = main.m; sourceTree = "<group>"; };
		344C76F51AAA5EFA00E2F205 /* AppDelegate.h */ = {isa = PBXFileReference; lastKnownFileType = sourcecode.c.h; path = AppDelegate.h; sourceTree = "<group>"; };
		344C76F61AAA5EFB00E2F205 /* AppDelegate.m */ = {isa = PBXFileReference; lastKnownFileType = sourcecode.c.objc; name = AppDelegate.m; path = /Users/taylor/Desktop/Mentor/code/GetMeUTA/GetMeUTA/AppDelegate.m; sourceTree = "<absolute>"; };
		344C76F81AAA5EFB00E2F205 /* NowViewController.h */ = {isa = PBXFileReference; lastKnownFileType = sourcecode.c.h; path = NowViewController.h; sourceTree = "<group>"; };
		344C76F91AAA5EFB00E2F205 /* NowViewController.m */ = {isa = PBXFileReference; lastKnownFileType = sourcecode.c.objc; path = NowViewController.m; sourceTree = "<group>"; };
		344C76FB1AAA5EFB00E2F205 /* PlanViewController.h */ = {isa = PBXFileReference; lastKnownFileType = sourcecode.c.h; path = PlanViewController.h; sourceTree = "<group>"; };
		344C76FC1AAA5EFB00E2F205 /* PlanViewController.m */ = {isa = PBXFileReference; lastKnownFileType = sourcecode.c.objc; path = PlanViewController.m; sourceTree = "<group>"; };
		344C76FF1AAA5EFB00E2F205 /* Base */ = {isa = PBXFileReference; lastKnownFileType = file.storyboard; name = Base; path = Base.lproj/Main.storyboard; sourceTree = "<group>"; };
		344C77011AAA5EFB00E2F205 /* Images.xcassets */ = {isa = PBXFileReference; lastKnownFileType = folder.assetcatalog; path = Images.xcassets; sourceTree = "<group>"; };
		344C77041AAA5EFB00E2F205 /* Base */ = {isa = PBXFileReference; lastKnownFileType = file.xib; name = Base; path = Base.lproj/LaunchScreen.xib; sourceTree = "<group>"; };
		344C770A1AAA5EFB00E2F205 /* GetMeUTATests.xctest */ = {isa = PBXFileReference; explicitFileType = wrapper.cfbundle; includeInIndex = 0; path = GetMeUTATests.xctest; sourceTree = BUILT_PRODUCTS_DIR; };
		344C770F1AAA5EFB00E2F205 /* Info.plist */ = {isa = PBXFileReference; lastKnownFileType = text.plist.xml; path = Info.plist; sourceTree = "<group>"; };
		344C77101AAA5EFB00E2F205 /* GetMeUTATests.m */ = {isa = PBXFileReference; lastKnownFileType = sourcecode.c.objc; path = GetMeUTATests.m; sourceTree = "<group>"; };
		344C771A1AAB913600E2F205 /* CHCSVParser.h */ = {isa = PBXFileReference; fileEncoding = 4; lastKnownFileType = sourcecode.c.h; path = CHCSVParser.h; sourceTree = "<group>"; };
		344C771B1AAB913600E2F205 /* CHCSVParser.m */ = {isa = PBXFileReference; fileEncoding = 4; lastKnownFileType = sourcecode.c.objc; path = CHCSVParser.m; sourceTree = "<group>"; };
		3460FF0F1AACEADC002C22C1 /* Model.xcdatamodel */ = {isa = PBXFileReference; lastKnownFileType = wrapper.xcdatamodel; path = Model.xcdatamodel; sourceTree = "<group>"; };
		349604411AAD5B97001A1F77 /* LoadingViewController.h */ = {isa = PBXFileReference; fileEncoding = 4; lastKnownFileType = sourcecode.c.h; path = LoadingViewController.h; sourceTree = "<group>"; };
		349604421AAD5B97001A1F77 /* LoadingViewController.m */ = {isa = PBXFileReference; fileEncoding = 4; lastKnownFileType = sourcecode.c.objc; path = LoadingViewController.m; sourceTree = "<group>"; };
		349604471AAD60C5001A1F77 /* Stack.h */ = {isa = PBXFileReference; fileEncoding = 4; lastKnownFileType = sourcecode.c.h; path = Stack.h; sourceTree = "<group>"; };
		349604481AAD60C5001A1F77 /* Stack.m */ = {isa = PBXFileReference; fileEncoding = 4; lastKnownFileType = sourcecode.c.objc; path = Stack.m; sourceTree = "<group>"; };
		3496044A1AAD60EE001A1F77 /* CoreData.framework */ = {isa = PBXFileReference; lastKnownFileType = wrapper.framework; name = CoreData.framework; path = System/Library/Frameworks/CoreData.framework; sourceTree = SDKROOT; };
		349604641AAD6344001A1F77 /* StopController.h */ = {isa = PBXFileReference; fileEncoding = 4; lastKnownFileType = sourcecode.c.h; name = StopController.h; path = GetMeUTA/StopController.h; sourceTree = "<group>"; };
		349604651AAD6344001A1F77 /* StopController.m */ = {isa = PBXFileReference; fileEncoding = 4; lastKnownFileType = sourcecode.c.objc; name = StopController.m; path = GetMeUTA/StopController.m; sourceTree = "<group>"; };
		34FE1B011AAD6678009ADA54 /* Stop.h */ = {isa = PBXFileReference; fileEncoding = 4; lastKnownFileType = sourcecode.c.h; path = Stop.h; sourceTree = "<group>"; };
		34FE1B021AAD6678009ADA54 /* Stop.m */ = {isa = PBXFileReference; fileEncoding = 4; lastKnownFileType = sourcecode.c.objc; path = Stop.m; sourceTree = "<group>"; };
		34FE1B131AAD6E9E009ADA54 /* Calendar.h */ = {isa = PBXFileReference; fileEncoding = 4; lastKnownFileType = sourcecode.c.h; path = Calendar.h; sourceTree = "<group>"; };
		34FE1B141AAD6E9E009ADA54 /* Calendar.m */ = {isa = PBXFileReference; fileEncoding = 4; lastKnownFileType = sourcecode.c.objc; path = Calendar.m; sourceTree = "<group>"; };
		34FE1B161AAD6E9F009ADA54 /* StopTime.h */ = {isa = PBXFileReference; fileEncoding = 4; lastKnownFileType = sourcecode.c.h; path = StopTime.h; sourceTree = "<group>"; };
		34FE1B171AAD6E9F009ADA54 /* StopTime.m */ = {isa = PBXFileReference; fileEncoding = 4; lastKnownFileType = sourcecode.c.objc; path = StopTime.m; sourceTree = "<group>"; };
		34FE1B191AAD6E9F009ADA54 /* CalendarDate.h */ = {isa = PBXFileReference; fileEncoding = 4; lastKnownFileType = sourcecode.c.h; path = CalendarDate.h; sourceTree = "<group>"; };
		34FE1B1A1AAD6E9F009ADA54 /* CalendarDate.m */ = {isa = PBXFileReference; fileEncoding = 4; lastKnownFileType = sourcecode.c.objc; path = CalendarDate.m; sourceTree = "<group>"; };
		34FE1B1C1AAD6E9F009ADA54 /* Trip.h */ = {isa = PBXFileReference; fileEncoding = 4; lastKnownFileType = sourcecode.c.h; path = Trip.h; sourceTree = "<group>"; };
		34FE1B1D1AAD6E9F009ADA54 /* Trip.m */ = {isa = PBXFileReference; fileEncoding = 4; lastKnownFileType = sourcecode.c.objc; path = Trip.m; sourceTree = "<group>"; };
		34FE1B1F1AAD6E9F009ADA54 /* Route.h */ = {isa = PBXFileReference; fileEncoding = 4; lastKnownFileType = sourcecode.c.h; path = Route.h; sourceTree = "<group>"; };
		34FE1B201AAD6E9F009ADA54 /* Route.m */ = {isa = PBXFileReference; fileEncoding = 4; lastKnownFileType = sourcecode.c.objc; path = Route.m; sourceTree = "<group>"; };
		34FE1B221AADF62F009ADA54 /* stops.csv */ = {isa = PBXFileReference; fileEncoding = 4; lastKnownFileType = text; path = stops.csv; sourceTree = "<group>"; };
		34FE1B251AADF7A8009ADA54 /* routes.csv */ = {isa = PBXFileReference; fileEncoding = 4; lastKnownFileType = text; path = routes.csv; sourceTree = "<group>"; };
		34FE1B271AADF808009ADA54 /* RouteController.h */ = {isa = PBXFileReference; fileEncoding = 4; lastKnownFileType = sourcecode.c.h; name = RouteController.h; path = GetMeUTA/RouteController.h; sourceTree = "<group>"; };
		34FE1B281AADF808009ADA54 /* RouteController.m */ = {isa = PBXFileReference; fileEncoding = 4; lastKnownFileType = sourcecode.c.objc; name = RouteController.m; path = GetMeUTA/RouteController.m; sourceTree = "<group>"; };
		34FE1B2A1AADF9F4009ADA54 /* TripController.h */ = {isa = PBXFileReference; fileEncoding = 4; lastKnownFileType = sourcecode.c.h; name = TripController.h; path = GetMeUTA/TripController.h; sourceTree = "<group>"; };
		34FE1B2B1AADF9F4009ADA54 /* TripController.m */ = {isa = PBXFileReference; fileEncoding = 4; lastKnownFileType = sourcecode.c.objc; name = TripController.m; path = GetMeUTA/TripController.m; sourceTree = "<group>"; };
		34FE1B2D1AAE0454009ADA54 /* trips.csv */ = {isa = PBXFileReference; fileEncoding = 4; lastKnownFileType = text; path = trips.csv; sourceTree = "<group>"; };
		FC737BE41AAA6A7400B12FC7 /* SettingsViewController.h */ = {isa = PBXFileReference; fileEncoding = 4; lastKnownFileType = sourcecode.c.h; path = SettingsViewController.h; sourceTree = "<group>"; };
		FC737BE51AAA6A7400B12FC7 /* SettingsViewController.m */ = {isa = PBXFileReference; fileEncoding = 4; lastKnownFileType = sourcecode.c.objc; path = SettingsViewController.m; sourceTree = "<group>"; };
		FC737BE71AAA6AD600B12FC7 /* JourneyViewController.h */ = {isa = PBXFileReference; fileEncoding = 4; lastKnownFileType = sourcecode.c.h; path = JourneyViewController.h; sourceTree = "<group>"; };
		FC737BE81AAA6AD600B12FC7 /* JourneyViewController.m */ = {isa = PBXFileReference; fileEncoding = 4; lastKnownFileType = sourcecode.c.objc; path = JourneyViewController.m; sourceTree = "<group>"; };
		FC737BEA1AAA6AE300B12FC7 /* ResultsViewController.h */ = {isa = PBXFileReference; fileEncoding = 4; lastKnownFileType = sourcecode.c.h; path = ResultsViewController.h; sourceTree = "<group>"; };
		FC737BEB1AAA6AE300B12FC7 /* ResultsViewController.m */ = {isa = PBXFileReference; fileEncoding = 4; lastKnownFileType = sourcecode.c.objc; path = ResultsViewController.m; sourceTree = "<group>"; };
/* End PBXFileReference section */

/* Begin PBXFrameworksBuildPhase section */
		344C76EB1AAA5EFA00E2F205 /* Frameworks */ = {
			isa = PBXFrameworksBuildPhase;
			buildActionMask = 2147483647;
			files = (
				3496044B1AAD60EE001A1F77 /* CoreData.framework in Frameworks */,
			);
			runOnlyForDeploymentPostprocessing = 0;
		};
		344C77071AAA5EFB00E2F205 /* Frameworks */ = {
			isa = PBXFrameworksBuildPhase;
			buildActionMask = 2147483647;
			files = (
			);
			runOnlyForDeploymentPostprocessing = 0;
		};
/* End PBXFrameworksBuildPhase section */

/* Begin PBXGroup section */
		344C76E51AAA5EFA00E2F205 = {
			isa = PBXGroup;
			children = (
				344C76F01AAA5EFA00E2F205 /* GetMeUTA */,
				344C770D1AAA5EFB00E2F205 /* GetMeUTATests */,
				344C76EF1AAA5EFA00E2F205 /* Products */,
			);
			sourceTree = "<group>";
		};
		344C76EF1AAA5EFA00E2F205 /* Products */ = {
			isa = PBXGroup;
			children = (
				344C76EE1AAA5EFA00E2F205 /* GetMeUTA.app */,
				344C770A1AAA5EFB00E2F205 /* GetMeUTATests.xctest */,
			);
			name = Products;
			sourceTree = "<group>";
		};
		344C76F01AAA5EFA00E2F205 /* GetMeUTA */ = {
			isa = PBXGroup;
			children = (
				344C76F51AAA5EFA00E2F205 /* AppDelegate.h */,
				344C76F61AAA5EFB00E2F205 /* AppDelegate.m */,
				FC737BED1AAA6B5C00B12FC7 /* ViewControllers */,
				349604671AAD63AB001A1F77 /* Model Controllers */,
				349604461AAD5E11001A1F77 /* Model */,
				344C76FE1AAA5EFB00E2F205 /* Main.storyboard */,
				344C77031AAA5EFB00E2F205 /* LaunchScreen.xib */,
				344C77011AAA5EFB00E2F205 /* Images.xcassets */,
				344C76F11AAA5EFA00E2F205 /* Supporting Files */,
			);
			path = GetMeUTA;
			sourceTree = "<group>";
		};
		344C76F11AAA5EFA00E2F205 /* Supporting Files */ = {
			isa = PBXGroup;
			children = (
				344C771A1AAB913600E2F205 /* CHCSVParser.h */,
				344C771B1AAB913600E2F205 /* CHCSVParser.m */,
				344C76F21AAA5EFA00E2F205 /* Info.plist */,
				344C76F31AAA5EFA00E2F205 /* main.m */,
			);
			name = "Supporting Files";
			sourceTree = "<group>";
		};
		344C770D1AAA5EFB00E2F205 /* GetMeUTATests */ = {
			isa = PBXGroup;
			children = (
				344C77101AAA5EFB00E2F205 /* GetMeUTATests.m */,
				344C770E1AAA5EFB00E2F205 /* Supporting Files */,
			);
			path = GetMeUTATests;
			sourceTree = "<group>";
		};
		344C770E1AAA5EFB00E2F205 /* Supporting Files */ = {
			isa = PBXGroup;
			children = (
				344C770F1AAA5EFB00E2F205 /* Info.plist */,
			);
			name = "Supporting Files";
			sourceTree = "<group>";
		};
		349604461AAD5E11001A1F77 /* Model */ = {
			isa = PBXGroup;
			children = (
				34FE1B1F1AAD6E9F009ADA54 /* Route.h */,
				34FE1B201AAD6E9F009ADA54 /* Route.m */,
				34FE1B1C1AAD6E9F009ADA54 /* Trip.h */,
				34FE1B1D1AAD6E9F009ADA54 /* Trip.m */,
				34FE1B191AAD6E9F009ADA54 /* CalendarDate.h */,
				34FE1B1A1AAD6E9F009ADA54 /* CalendarDate.m */,
				34FE1B161AAD6E9F009ADA54 /* StopTime.h */,
				34FE1B171AAD6E9F009ADA54 /* StopTime.m */,
				34FE1B131AAD6E9E009ADA54 /* Calendar.h */,
				34FE1B141AAD6E9E009ADA54 /* Calendar.m */,
				34FE1B011AAD6678009ADA54 /* Stop.h */,
				34FE1B021AAD6678009ADA54 /* Stop.m */,
				3496044A1AAD60EE001A1F77 /* CoreData.framework */,
				349604471AAD60C5001A1F77 /* Stack.h */,
				349604481AAD60C5001A1F77 /* Stack.m */,
				3460FF0E1AACEADC002C22C1 /* Model.xcdatamodeld */,
				34FE1B241AADF632009ADA54 /* GTFS CSV */,
			);
			name = Model;
			sourceTree = "<group>";
		};
		349604671AAD63AB001A1F77 /* Model Controllers */ = {
			isa = PBXGroup;
			children = (
				34FE1B271AADF808009ADA54 /* RouteController.h */,
				34FE1B281AADF808009ADA54 /* RouteController.m */,
				34FE1B2A1AADF9F4009ADA54 /* TripController.h */,
				34FE1B2B1AADF9F4009ADA54 /* TripController.m */,
				349604641AAD6344001A1F77 /* StopController.h */,
				349604651AAD6344001A1F77 /* StopController.m */,
			);
			name = "Model Controllers";
			path = ..;
			sourceTree = "<group>";
		};
		34FE1B241AADF632009ADA54 /* GTFS CSV */ = {
			isa = PBXGroup;
			children = (
				34FE1B2D1AAE0454009ADA54 /* trips.csv */,
				34FE1B251AADF7A8009ADA54 /* routes.csv */,
				34FE1B221AADF62F009ADA54 /* stops.csv */,
			);
			name = "GTFS CSV";
			sourceTree = "<group>";
		};
		FC737BED1AAA6B5C00B12FC7 /* ViewControllers */ = {
			isa = PBXGroup;
			children = (
				349604411AAD5B97001A1F77 /* LoadingViewController.h */,
				349604421AAD5B97001A1F77 /* LoadingViewController.m */,
				344C76F81AAA5EFB00E2F205 /* NowViewController.h */,
				344C76F91AAA5EFB00E2F205 /* NowViewController.m */,
				344C76FB1AAA5EFB00E2F205 /* PlanViewController.h */,
				344C76FC1AAA5EFB00E2F205 /* PlanViewController.m */,
				FC737BE41AAA6A7400B12FC7 /* SettingsViewController.h */,
				FC737BE51AAA6A7400B12FC7 /* SettingsViewController.m */,
				FC737BE71AAA6AD600B12FC7 /* JourneyViewController.h */,
				FC737BE81AAA6AD600B12FC7 /* JourneyViewController.m */,
				FC737BEA1AAA6AE300B12FC7 /* ResultsViewController.h */,
				FC737BEB1AAA6AE300B12FC7 /* ResultsViewController.m */,
			);
			name = ViewControllers;
			sourceTree = "<group>";
		};
/* End PBXGroup section */

/* Begin PBXNativeTarget section */
		344C76ED1AAA5EFA00E2F205 /* GetMeUTA */ = {
			isa = PBXNativeTarget;
			buildConfigurationList = 344C77141AAA5EFB00E2F205 /* Build configuration list for PBXNativeTarget "GetMeUTA" */;
			buildPhases = (
				344C76EA1AAA5EFA00E2F205 /* Sources */,
				344C76EB1AAA5EFA00E2F205 /* Frameworks */,
				344C76EC1AAA5EFA00E2F205 /* Resources */,
			);
			buildRules = (
			);
			dependencies = (
			);
			name = GetMeUTA;
			productName = GetMeUTA;
			productReference = 344C76EE1AAA5EFA00E2F205 /* GetMeUTA.app */;
			productType = "com.apple.product-type.application";
		};
		344C77091AAA5EFB00E2F205 /* GetMeUTATests */ = {
			isa = PBXNativeTarget;
			buildConfigurationList = 344C77171AAA5EFB00E2F205 /* Build configuration list for PBXNativeTarget "GetMeUTATests" */;
			buildPhases = (
				344C77061AAA5EFB00E2F205 /* Sources */,
				344C77071AAA5EFB00E2F205 /* Frameworks */,
				344C77081AAA5EFB00E2F205 /* Resources */,
			);
			buildRules = (
			);
			dependencies = (
				344C770C1AAA5EFB00E2F205 /* PBXTargetDependency */,
			);
			name = GetMeUTATests;
			productName = GetMeUTATests;
			productReference = 344C770A1AAA5EFB00E2F205 /* GetMeUTATests.xctest */;
			productType = "com.apple.product-type.bundle.unit-test";
		};
/* End PBXNativeTarget section */

/* Begin PBXProject section */
		344C76E61AAA5EFA00E2F205 /* Project object */ = {
			isa = PBXProject;
			attributes = {
				LastUpgradeCheck = 0610;
				ORGANIZATIONNAME = "Shelley-Guanzon-Henrie-Mott";
				TargetAttributes = {
					344C76ED1AAA5EFA00E2F205 = {
						CreatedOnToolsVersion = 6.1.1;
						DevelopmentTeam = B9KMJ3NRM7;
					};
					344C77091AAA5EFB00E2F205 = {
						CreatedOnToolsVersion = 6.1.1;
						TestTargetID = 344C76ED1AAA5EFA00E2F205;
					};
				};
			};
			buildConfigurationList = 344C76E91AAA5EFA00E2F205 /* Build configuration list for PBXProject "GetMeUTA" */;
			compatibilityVersion = "Xcode 3.2";
			developmentRegion = English;
			hasScannedForEncodings = 0;
			knownRegions = (
				en,
				Base,
			);
			mainGroup = 344C76E51AAA5EFA00E2F205;
			productRefGroup = 344C76EF1AAA5EFA00E2F205 /* Products */;
			projectDirPath = "";
			projectRoot = "";
			targets = (
				344C76ED1AAA5EFA00E2F205 /* GetMeUTA */,
				344C77091AAA5EFB00E2F205 /* GetMeUTATests */,
			);
		};
/* End PBXProject section */

/* Begin PBXResourcesBuildPhase section */
		344C76EC1AAA5EFA00E2F205 /* Resources */ = {
			isa = PBXResourcesBuildPhase;
			buildActionMask = 2147483647;
			files = (
				34FE1B261AADF7A8009ADA54 /* routes.csv in Resources */,
				34FE1B231AADF62F009ADA54 /* stops.csv in Resources */,
				344C77001AAA5EFB00E2F205 /* Main.storyboard in Resources */,
				344C77051AAA5EFB00E2F205 /* LaunchScreen.xib in Resources */,
				344C77021AAA5EFB00E2F205 /* Images.xcassets in Resources */,
				34FE1B2E1AAE0454009ADA54 /* trips.csv in Resources */,
			);
			runOnlyForDeploymentPostprocessing = 0;
		};
		344C77081AAA5EFB00E2F205 /* Resources */ = {
			isa = PBXResourcesBuildPhase;
			buildActionMask = 2147483647;
			files = (
			);
			runOnlyForDeploymentPostprocessing = 0;
		};
/* End PBXResourcesBuildPhase section */

/* Begin PBXSourcesBuildPhase section */
		344C76EA1AAA5EFA00E2F205 /* Sources */ = {
			isa = PBXSourcesBuildPhase;
			buildActionMask = 2147483647;
			files = (
				34FE1B031AAD6678009ADA54 /* Stop.m in Sources */,
				34FE1B1B1AAD6E9F009ADA54 /* CalendarDate.m in Sources */,
				344C76FD1AAA5EFB00E2F205 /* PlanViewController.m in Sources */,
				34FE1B211AAD6E9F009ADA54 /* Route.m in Sources */,
				FC737BEC1AAA6AE300B12FC7 /* ResultsViewController.m in Sources */,
				344C76F71AAA5EFB00E2F205 /* AppDelegate.m in Sources */,
				FC737BE61AAA6A7400B12FC7 /* SettingsViewController.m in Sources */,
				349604661AAD6344001A1F77 /* StopController.m in Sources */,
				344C771C1AAB913600E2F205 /* CHCSVParser.m in Sources */,
				34FE1B1E1AAD6E9F009ADA54 /* Trip.m in Sources */,
				34FE1B181AAD6E9F009ADA54 /* StopTime.m in Sources */,
				34FE1B151AAD6E9E009ADA54 /* Calendar.m in Sources */,
				3460FF101AACEADC002C22C1 /* Model.xcdatamodeld in Sources */,
				344C76FA1AAA5EFB00E2F205 /* NowViewController.m in Sources */,
				349604431AAD5B97001A1F77 /* LoadingViewController.m in Sources */,
				344C76F41AAA5EFA00E2F205 /* main.m in Sources */,
				34FE1B291AADF808009ADA54 /* RouteController.m in Sources */,
				349604491AAD60C5001A1F77 /* Stack.m in Sources */,
				34FE1B2C1AADF9F4009ADA54 /* TripController.m in Sources */,
				FC737BE91AAA6AD600B12FC7 /* JourneyViewController.m in Sources */,
			);
			runOnlyForDeploymentPostprocessing = 0;
		};
		344C77061AAA5EFB00E2F205 /* Sources */ = {
			isa = PBXSourcesBuildPhase;
			buildActionMask = 2147483647;
			files = (
				344C77111AAA5EFB00E2F205 /* GetMeUTATests.m in Sources */,
			);
			runOnlyForDeploymentPostprocessing = 0;
		};
/* End PBXSourcesBuildPhase section */

/* Begin PBXTargetDependency section */
		344C770C1AAA5EFB00E2F205 /* PBXTargetDependency */ = {
			isa = PBXTargetDependency;
			target = 344C76ED1AAA5EFA00E2F205 /* GetMeUTA */;
			targetProxy = 344C770B1AAA5EFB00E2F205 /* PBXContainerItemProxy */;
		};
/* End PBXTargetDependency section */

/* Begin PBXVariantGroup section */
		344C76FE1AAA5EFB00E2F205 /* Main.storyboard */ = {
			isa = PBXVariantGroup;
			children = (
				344C76FF1AAA5EFB00E2F205 /* Base */,
			);
			name = Main.storyboard;
			sourceTree = "<group>";
		};
		344C77031AAA5EFB00E2F205 /* LaunchScreen.xib */ = {
			isa = PBXVariantGroup;
			children = (
				344C77041AAA5EFB00E2F205 /* Base */,
			);
			name = LaunchScreen.xib;
			sourceTree = "<group>";
		};
/* End PBXVariantGroup section */

/* Begin XCBuildConfiguration section */
		344C77121AAA5EFB00E2F205 /* Debug */ = {
			isa = XCBuildConfiguration;
			buildSettings = {
				ALWAYS_SEARCH_USER_PATHS = NO;
				CLANG_CXX_LANGUAGE_STANDARD = "gnu++0x";
				CLANG_CXX_LIBRARY = "libc++";
				CLANG_ENABLE_MODULES = YES;
				CLANG_ENABLE_OBJC_ARC = YES;
				CLANG_WARN_BOOL_CONVERSION = YES;
				CLANG_WARN_CONSTANT_CONVERSION = YES;
				CLANG_WARN_DIRECT_OBJC_ISA_USAGE = YES_ERROR;
				CLANG_WARN_EMPTY_BODY = YES;
				CLANG_WARN_ENUM_CONVERSION = YES;
				CLANG_WARN_INT_CONVERSION = YES;
				CLANG_WARN_OBJC_ROOT_CLASS = YES_ERROR;
				CLANG_WARN_UNREACHABLE_CODE = YES;
				CLANG_WARN__DUPLICATE_METHOD_MATCH = YES;
				"CODE_SIGN_IDENTITY[sdk=iphoneos*]" = "iPhone Developer";
				COPY_PHASE_STRIP = NO;
				ENABLE_STRICT_OBJC_MSGSEND = YES;
				GCC_C_LANGUAGE_STANDARD = gnu99;
				GCC_DYNAMIC_NO_PIC = NO;
				GCC_OPTIMIZATION_LEVEL = 0;
				GCC_PREPROCESSOR_DEFINITIONS = (
					"DEBUG=1",
					"$(inherited)",
				);
				GCC_SYMBOLS_PRIVATE_EXTERN = NO;
				GCC_WARN_64_TO_32_BIT_CONVERSION = YES;
				GCC_WARN_ABOUT_RETURN_TYPE = YES_ERROR;
				GCC_WARN_UNDECLARED_SELECTOR = YES;
				GCC_WARN_UNINITIALIZED_AUTOS = YES_AGGRESSIVE;
				GCC_WARN_UNUSED_FUNCTION = YES;
				GCC_WARN_UNUSED_VARIABLE = YES;
				IPHONEOS_DEPLOYMENT_TARGET = 8.1;
				MTL_ENABLE_DEBUG_INFO = YES;
				ONLY_ACTIVE_ARCH = YES;
				SDKROOT = iphoneos;
			};
			name = Debug;
		};
		344C77131AAA5EFB00E2F205 /* Release */ = {
			isa = XCBuildConfiguration;
			buildSettings = {
				ALWAYS_SEARCH_USER_PATHS = NO;
				CLANG_CXX_LANGUAGE_STANDARD = "gnu++0x";
				CLANG_CXX_LIBRARY = "libc++";
				CLANG_ENABLE_MODULES = YES;
				CLANG_ENABLE_OBJC_ARC = YES;
				CLANG_WARN_BOOL_CONVERSION = YES;
				CLANG_WARN_CONSTANT_CONVERSION = YES;
				CLANG_WARN_DIRECT_OBJC_ISA_USAGE = YES_ERROR;
				CLANG_WARN_EMPTY_BODY = YES;
				CLANG_WARN_ENUM_CONVERSION = YES;
				CLANG_WARN_INT_CONVERSION = YES;
				CLANG_WARN_OBJC_ROOT_CLASS = YES_ERROR;
				CLANG_WARN_UNREACHABLE_CODE = YES;
				CLANG_WARN__DUPLICATE_METHOD_MATCH = YES;
				"CODE_SIGN_IDENTITY[sdk=iphoneos*]" = "iPhone Developer";
				COPY_PHASE_STRIP = YES;
				ENABLE_NS_ASSERTIONS = NO;
				ENABLE_STRICT_OBJC_MSGSEND = YES;
				GCC_C_LANGUAGE_STANDARD = gnu99;
				GCC_WARN_64_TO_32_BIT_CONVERSION = YES;
				GCC_WARN_ABOUT_RETURN_TYPE = YES_ERROR;
				GCC_WARN_UNDECLARED_SELECTOR = YES;
				GCC_WARN_UNINITIALIZED_AUTOS = YES_AGGRESSIVE;
				GCC_WARN_UNUSED_FUNCTION = YES;
				GCC_WARN_UNUSED_VARIABLE = YES;
				IPHONEOS_DEPLOYMENT_TARGET = 8.1;
				MTL_ENABLE_DEBUG_INFO = NO;
				SDKROOT = iphoneos;
				VALIDATE_PRODUCT = YES;
			};
			name = Release;
		};
		344C77151AAA5EFB00E2F205 /* Debug */ = {
			isa = XCBuildConfiguration;
			buildSettings = {
				ASSETCATALOG_COMPILER_APPICON_NAME = AppIcon;
				CODE_SIGN_IDENTITY = "iPhone Developer";
				INFOPLIST_FILE = GetMeUTA/Info.plist;
				LD_RUNPATH_SEARCH_PATHS = "$(inherited) @executable_path/Frameworks";
				PRODUCT_NAME = "$(TARGET_NAME)";
			};
			name = Debug;
		};
		344C77161AAA5EFB00E2F205 /* Release */ = {
			isa = XCBuildConfiguration;
			buildSettings = {
				ASSETCATALOG_COMPILER_APPICON_NAME = AppIcon;
				CODE_SIGN_IDENTITY = "iPhone Developer";
				INFOPLIST_FILE = GetMeUTA/Info.plist;
				LD_RUNPATH_SEARCH_PATHS = "$(inherited) @executable_path/Frameworks";
				PRODUCT_NAME = "$(TARGET_NAME)";
			};
			name = Release;
		};
		344C77181AAA5EFB00E2F205 /* Debug */ = {
			isa = XCBuildConfiguration;
			buildSettings = {
				BUNDLE_LOADER = "$(TEST_HOST)";
				FRAMEWORK_SEARCH_PATHS = (
					"$(SDKROOT)/Developer/Library/Frameworks",
					"$(inherited)",
				);
				GCC_PREPROCESSOR_DEFINITIONS = (
					"DEBUG=1",
					"$(inherited)",
				);
				INFOPLIST_FILE = GetMeUTATests/Info.plist;
				LD_RUNPATH_SEARCH_PATHS = "$(inherited) @executable_path/Frameworks @loader_path/Frameworks";
				PRODUCT_NAME = "$(TARGET_NAME)";
				TEST_HOST = "$(BUILT_PRODUCTS_DIR)/GetMeUTA.app/GetMeUTA";
			};
			name = Debug;
		};
		344C77191AAA5EFB00E2F205 /* Release */ = {
			isa = XCBuildConfiguration;
			buildSettings = {
				BUNDLE_LOADER = "$(TEST_HOST)";
				FRAMEWORK_SEARCH_PATHS = (
					"$(SDKROOT)/Developer/Library/Frameworks",
					"$(inherited)",
				);
				INFOPLIST_FILE = GetMeUTATests/Info.plist;
				LD_RUNPATH_SEARCH_PATHS = "$(inherited) @executable_path/Frameworks @loader_path/Frameworks";
				PRODUCT_NAME = "$(TARGET_NAME)";
				TEST_HOST = "$(BUILT_PRODUCTS_DIR)/GetMeUTA.app/GetMeUTA";
			};
			name = Release;
		};
/* End XCBuildConfiguration section */

/* Begin XCConfigurationList section */
		344C76E91AAA5EFA00E2F205 /* Build configuration list for PBXProject "GetMeUTA" */ = {
			isa = XCConfigurationList;
			buildConfigurations = (
				344C77121AAA5EFB00E2F205 /* Debug */,
				344C77131AAA5EFB00E2F205 /* Release */,
			);
			defaultConfigurationIsVisible = 0;
			defaultConfigurationName = Release;
		};
		344C77141AAA5EFB00E2F205 /* Build configuration list for PBXNativeTarget "GetMeUTA" */ = {
			isa = XCConfigurationList;
			buildConfigurations = (
				344C77151AAA5EFB00E2F205 /* Debug */,
				344C77161AAA5EFB00E2F205 /* Release */,
			);
			defaultConfigurationIsVisible = 0;
			defaultConfigurationName = Release;
		};
		344C77171AAA5EFB00E2F205 /* Build configuration list for PBXNativeTarget "GetMeUTATests" */ = {
			isa = XCConfigurationList;
			buildConfigurations = (
				344C77181AAA5EFB00E2F205 /* Debug */,
				344C77191AAA5EFB00E2F205 /* Release */,
			);
			defaultConfigurationIsVisible = 0;
			defaultConfigurationName = Release;
		};
/* End XCConfigurationList section */

/* Begin XCVersionGroup section */
		3460FF0E1AACEADC002C22C1 /* Model.xcdatamodeld */ = {
			isa = XCVersionGroup;
			children = (
				3460FF0F1AACEADC002C22C1 /* Model.xcdatamodel */,
			);
			currentVersion = 3460FF0F1AACEADC002C22C1 /* Model.xcdatamodel */;
			path = Model.xcdatamodeld;
			sourceTree = "<group>";
			versionGroupType = wrapper.xcdatamodel;
		};
/* End XCVersionGroup section */
	};
	rootObject = 344C76E61AAA5EFA00E2F205 /* Project object */;
}
